
Microsoft Visual Studio Solution File, Format Version 12.00
# Visual Studio Version 17
VisualStudioVersion = 17.3.32819.101
MinimumVisualStudioVersion = 10.0.40219.1
Project("{FAE04EC0-301F-11D3-BF4B-00C04F79EFBC}") = "TuyensinhVido", "TuyensinhVido\TuyensinhVido.csproj", "{02A180B3-8FE9-4E11-AA61-7F3611893173}"
EndProject
Global
	GlobalSection(SolutionConfigurationPlatforms) = preSolution
		Debug|Any CPU = Debug|Any CPU
		Release|Any CPU = Release|Any CPU
	EndGlobalSection
	GlobalSection(ProjectConfigurationPlatforms) = postSolution
		{02A180B3-8FE9-4E11-AA61-7F3611893173}.Debug|Any CPU.ActiveCfg = Debug|Any CPU
		{02A180B3-8FE9-4E11-AA61-7F3611893173}.Debug|Any CPU.Build.0 = Debug|Any CPU
		{02A180B3-8FE9-4E11-AA61-7F3611893173}.Release|Any CPU.ActiveCfg = Release|Any CPU
		{02A180B3-8FE9-4E11-AA61-7F3611893173}.Release|Any CPU.Build.0 = Release|Any CPU
	EndGlobalSection
	GlobalSection(SolutionProperties) = preSolution
		HideSolutionNode = FALSE
	EndGlobalSection
	GlobalSection(ExtensibilityGlobals) = postSolution
		SolutionGuid = {D80D79E6-78C1-45B8-AEE3-8AB0CD427466}
	EndGlobalSection
EndGlobal
